
Microsoft Visual Studio Solution File, Format Version 12.00
# Visual Studio Version 16
VisualStudioVersion = 16.0.30503.244
MinimumVisualStudioVersion = 10.0.40219.1
Project("{9A19103F-16F7-4668-BE54-9A1E7A4F7556}") = "BikeShopAPI_UI", "BikeShopAPI_UI\BikeShopAPI_UI.csproj", "{F3E3321A-ADF0-48D4-BBA2-3C1CF54E2828}"
EndProject
Global
	GlobalSection(SolutionConfigurationPlatforms) = preSolution
		Debug|Any CPU = Debug|Any CPU
		Release|Any CPU = Release|Any CPU
	EndGlobalSection
	GlobalSection(ProjectConfigurationPlatforms) = postSolution
		{F3E3321A-ADF0-48D4-BBA2-3C1CF54E2828}.Debug|Any CPU.ActiveCfg = Debug|Any CPU
		{F3E3321A-ADF0-48D4-BBA2-3C1CF54E2828}.Debug|Any CPU.Build.0 = Debug|Any CPU
		{F3E3321A-ADF0-48D4-BBA2-3C1CF54E2828}.Release|Any CPU.ActiveCfg = Release|Any CPU
		{F3E3321A-ADF0-48D4-BBA2-3C1CF54E2828}.Release|Any CPU.Build.0 = Release|Any CPU
	EndGlobalSection
	GlobalSection(SolutionProperties) = preSolution
		HideSolutionNode = FALSE
	EndGlobalSection
	GlobalSection(ExtensibilityGlobals) = postSolution
		SolutionGuid = {1D7372D1-E15A-454B-BCF1-5F1EBB26A5D2}
	EndGlobalSection
EndGlobal
